Microsoft Visual Studio Solution File, Format Version 12.00
# Visual Studio 2012
Project("{0D317E1F-27B4-C72E-A827-CB4516F11205}") = "PrisonLifeRPG", "Assembly-CSharp.csproj", "{940F62B9-AB58-7575-F4E8-F47CC53013D5}"
EndProject
Project("{0D317E1F-27B4-C72E-A827-CB4516F11205}") = "PrisonLifeRPG", "Assembly-CSharp-Editor.csproj", "{2235062D-CBA1-F6E1-21EB-326376F95D87}"
EndProject
Global
	GlobalSection(SolutionConfigurationPlatforms) = preSolution
		Debug|Any CPU = Debug|Any CPU
		Release|Any CPU = Release|Any CPU
	EndGlobalSection
	GlobalSection(ProjectConfigurationPlatforms) = postSolution
		{940F62B9-AB58-7575-F4E8-F47CC53013D5}.Debug|Any CPU.ActiveCfg = Debug|Any CPU
		{940F62B9-AB58-7575-F4E8-F47CC53013D5}.Debug|Any CPU.Build.0 = Debug|Any CPU
		{940F62B9-AB58-7575-F4E8-F47CC53013D5}.Release|Any CPU.ActiveCfg = Release|Any CPU
		{940F62B9-AB58-7575-F4E8-F47CC53013D5}.Release|Any CPU.Build.0 = Release|Any CPU
		{2235062D-CBA1-F6E1-21EB-326376F95D87}.Debug|Any CPU.ActiveCfg = Debug|Any CPU
		{2235062D-CBA1-F6E1-21EB-326376F95D87}.Debug|Any CPU.Build.0 = Debug|Any CPU
		{2235062D-CBA1-F6E1-21EB-326376F95D87}.Release|Any CPU.ActiveCfg = Release|Any CPU
		{2235062D-CBA1-F6E1-21EB-326376F95D87}.Release|Any CPU.Build.0 = Release|Any CPU
	EndGlobalSection
EndGlobal
