
Microsoft Visual Studio Solution File, Format Version 12.00
# Visual Studio 2015
Project("{FAE04EC0-301F-11D3-BF4B-00C04F79EFBC}") = "PrisonLifeRPG.CSharp", "PrisonLifeRPG.CSharp.csproj", "{F609F119-D1A7-9654-93EC-0679F285D7C2}"
EndProject
Project("{FAE04EC0-301F-11D3-BF4B-00C04F79EFBC}") = "PrisonLifeRPG.CSharp.Editor", "PrisonLifeRPG.CSharp.Editor.csproj", "{85E7898D-7CE6-8F47-1071-0F615AF2DFF1}"
EndProject
Global
	GlobalSection(SolutionConfigurationPlatforms) = preSolution
		Debug|Any CPU = Debug|Any CPU
		Release|Any CPU = Release|Any CPU
	EndGlobalSection
	GlobalSection(ProjectConfigurationPlatforms) = postSolution
		{F609F119-D1A7-9654-93EC-0679F285D7C2}.Debug|Any CPU.ActiveCfg = Debug|Any CPU
		{F609F119-D1A7-9654-93EC-0679F285D7C2}.Debug|Any CPU.Build.0 = Debug|Any CPU
		{F609F119-D1A7-9654-93EC-0679F285D7C2}.Release|Any CPU.ActiveCfg = Release|Any CPU
		{F609F119-D1A7-9654-93EC-0679F285D7C2}.Release|Any CPU.Build.0 = Release|Any CPU
		{85E7898D-7CE6-8F47-1071-0F615AF2DFF1}.Debug|Any CPU.ActiveCfg = Debug|Any CPU
		{85E7898D-7CE6-8F47-1071-0F615AF2DFF1}.Debug|Any CPU.Build.0 = Debug|Any CPU
		{85E7898D-7CE6-8F47-1071-0F615AF2DFF1}.Release|Any CPU.ActiveCfg = Release|Any CPU
		{85E7898D-7CE6-8F47-1071-0F615AF2DFF1}.Release|Any CPU.Build.0 = Release|Any CPU
	EndGlobalSection
	GlobalSection(SolutionProperties) = preSolution
		HideSolutionNode = FALSE
	EndGlobalSection
EndGlobal
